# This file was autogenerated by Stack.
# You should not edit this file by hand.
# For more information, please see the documentation at:
#   https://docs.haskellstack.org/en/stable/lock_files

packages:
- completed:
    cabal-file:
      size: 2208
      sha256: 48f6e03d8f812bd24e2601497ffe9c8a78907fa2266ba05abeefdfe99221617d
    name: ldap-client
    version: 0.4.0
    git: https://github.com/glatteis/ldap-client
    pantry-tree:
      size: 6070
      sha256: d5671a9418792562e4bebf828023637fd97df7291345ee6f1caefa7544e0b844
    commit: aa5409280e98263508bad4e79add6899f42f4c41
  original:
    git: https://github.com/glatteis/ldap-client
    commit: aa5409280e98263508bad4e79add6899f42f4c41
- completed:
    hackage: quickcheck-arbitrary-template-0.2.1.0@sha256:01f9deb34f8af3e6b879ee984b0be8803eb9c31e389490b5ddb8ca5fde32957c,2026
    pantry-tree:
      size: 625
      sha256: a79d0b9f39f1096774a34f502c209dc70c85bc43f164e2925cb6b7a3f7ad82c8
  original:
    hackage: quickcheck-arbitrary-template-0.2.1.0
- completed:
    hackage: polysemy-plugin-0.2.5.0@sha256:67e30be568a141b852aace1a60e180cb5060fbb2835365a81a3ea779536d6d35,2952
    pantry-tree:
      size: 1232
      sha256: 5c90dac2eba48b4e337b302347c233ecaedb63e333641e094e718a548ac86711
  original:
    hackage: polysemy-plugin-0.2.5.0
snapshots:
- completed:
    size: 499083
    url: https://raw.githubusercontent.com/commercialhaskell/stackage-snapshots/master/nightly/2020/3/9.yaml
    sha256: 50f89cfb4370c15e4224a34a2316214d54e8a62b19a379fc2b1dc57ea3d5f358
  original: nightly-2020-03-09
