# This file was autogenerated by Stack.
# You should not edit this file by hand.
# For more information, please see the documentation at:
#   https://docs.haskellstack.org/en/stable/lock_files

packages:
- completed:
    hackage: ldap-client-0.4.0@sha256:48f6e03d8f812bd24e2601497ffe9c8a78907fa2266ba05abeefdfe99221617d,2208
    pantry-tree:
      size: 1705
      sha256: 41b6640054587935b6c4e2f5104088961f28c59725d7ec081269432b4bce2b19
  original:
    hackage: ldap-client-0.4.0
- completed:
    hackage: polysemy-1.2.3.0@sha256:2345b6b76adc8f91fc88251129deff584cebcd07e952dd66aa512c69949df537,6097
    pantry-tree:
      size: 3625
      sha256: 8d327bc0dcb178112b933626a33200e8714712a77eb348271fdfbdd326b03fec
  original:
    hackage: polysemy-1.2.3.0
snapshots:
- completed:
    size: 524163
    url: https://raw.githubusercontent.com/commercialhaskell/stackage-snapshots/master/lts/14/25.yaml
    sha256: 97548b4e927a8a862d4a203687ca18a3f5d2ae75b4b72c946fb29c17df1a5082
  original: lts-14.25
