# This file was autogenerated by Stack.
# You should not edit this file by hand.
# For more information, please see the documentation at:
#   https://docs.haskellstack.org/en/stable/lock_files

packages:
- completed:
    hackage: ldap-client-0.4.1@sha256:39655d36a87a638bab3de23b81b208322e4e63b539f966564fcb19d214853856,2225
    pantry-tree:
      size: 1705
      sha256: b67591df253d467238b67ec4bab84e13ba66adae47e57538747bbc30d593eca1
  original:
    hackage: ldap-client-0.4.1
- completed:
    hackage: quickcheck-arbitrary-template-0.2.1.0@sha256:01f9deb34f8af3e6b879ee984b0be8803eb9c31e389490b5ddb8ca5fde32957c,2026
    pantry-tree:
      size: 625
      sha256: a79d0b9f39f1096774a34f502c209dc70c85bc43f164e2925cb6b7a3f7ad82c8
  original:
    hackage: quickcheck-arbitrary-template-0.2.1.0
- completed:
    hackage: polysemy-plugin-0.2.5.1@sha256:61c6c0aad2852377aa5d5a8f9639a437905e3a6f0e2a99a41e96fb231dc86836,2952
    pantry-tree:
      size: 1232
      sha256: 9720d9a1675c7ac3e2635b8c9f002f7ab0764eb60738a3405603cb33bdffc493
  original:
    hackage: polysemy-plugin-0.2.5.1
snapshots:
- completed:
    size: 532380
    url: https://raw.githubusercontent.com/commercialhaskell/stackage-snapshots/master/lts/16/15.yaml
    sha256: 3b5f2a699aa5ed3abbc30410062bf743926f0868ce3eeb5655370c6c6cc1a9f4
  original: lts-16.15
